
Microsoft Visual Studio Solution File, Format Version 12.00
Project("{FAE04EC0-301F-11D3-BF4B-00C04F79EFBC}") = "API", "API\API.csproj", "{18F04286-F7A1-4E48-8C4A-B5D8C4EAFB51}"
EndProject
Project("{FAE04EC0-301F-11D3-BF4B-00C04F79EFBC}") = "Domain", "Domain\Domain.csproj", "{0C5037C9-9649-4928-A166-1BD2D8674C48}"
EndProject
Project("{FAE04EC0-301F-11D3-BF4B-00C04F79EFBC}") = "Application", "Application\Application.csproj", "{7F7288CD-0121-407A-BA13-D175EE35D8FD}"
EndProject
Project("{FAE04EC0-301F-11D3-BF4B-00C04F79EFBC}") = "Infrastructure", "Infrastructure\Infrastructure.csproj", "{1A8C0149-CEA2-483C-A126-9D144FB9BC34}"
EndProject
Global
	GlobalSection(SolutionConfigurationPlatforms) = preSolution
		Debug|Any CPU = Debug|Any CPU
		Release|Any CPU = Release|Any CPU
	EndGlobalSection
	GlobalSection(ProjectConfigurationPlatforms) = postSolution
		{18F04286-F7A1-4E48-8C4A-B5D8C4EAFB51}.Debug|Any CPU.ActiveCfg = Debug|Any CPU
		{18F04286-F7A1-4E48-8C4A-B5D8C4EAFB51}.Debug|Any CPU.Build.0 = Debug|Any CPU
		{18F04286-F7A1-4E48-8C4A-B5D8C4EAFB51}.Release|Any CPU.ActiveCfg = Release|Any CPU
		{18F04286-F7A1-4E48-8C4A-B5D8C4EAFB51}.Release|Any CPU.Build.0 = Release|Any CPU
		{0C5037C9-9649-4928-A166-1BD2D8674C48}.Debug|Any CPU.ActiveCfg = Debug|Any CPU
		{0C5037C9-9649-4928-A166-1BD2D8674C48}.Debug|Any CPU.Build.0 = Debug|Any CPU
		{0C5037C9-9649-4928-A166-1BD2D8674C48}.Release|Any CPU.ActiveCfg = Release|Any CPU
		{0C5037C9-9649-4928-A166-1BD2D8674C48}.Release|Any CPU.Build.0 = Release|Any CPU
		{7F7288CD-0121-407A-BA13-D175EE35D8FD}.Debug|Any CPU.ActiveCfg = Debug|Any CPU
		{7F7288CD-0121-407A-BA13-D175EE35D8FD}.Debug|Any CPU.Build.0 = Debug|Any CPU
		{7F7288CD-0121-407A-BA13-D175EE35D8FD}.Release|Any CPU.ActiveCfg = Release|Any CPU
		{7F7288CD-0121-407A-BA13-D175EE35D8FD}.Release|Any CPU.Build.0 = Release|Any CPU
		{1A8C0149-CEA2-483C-A126-9D144FB9BC34}.Debug|Any CPU.ActiveCfg = Debug|Any CPU
		{1A8C0149-CEA2-483C-A126-9D144FB9BC34}.Debug|Any CPU.Build.0 = Debug|Any CPU
		{1A8C0149-CEA2-483C-A126-9D144FB9BC34}.Release|Any CPU.ActiveCfg = Release|Any CPU
		{1A8C0149-CEA2-483C-A126-9D144FB9BC34}.Release|Any CPU.Build.0 = Release|Any CPU
	EndGlobalSection
EndGlobal
